
Microsoft Visual Studio Solution File, Format Version 12.00
# Visual Studio Version 16
VisualStudioVersion = 16.0.29215.179
MinimumVisualStudioVersion = 10.0.40219.1
Project("{8BC9CEB8-8B4A-11D0-8D11-00A0C91BC942}") = "Hash_DisjointSet", "Hash_DisjointSet\Hash_DisjointSet.vcxproj", "{2971078D-3EA8-4673-9685-E11670B4A3B6}"
EndProject
Project("{8BC9CEB8-8B4A-11D0-8D11-00A0C91BC942}") = "DisjointSet", "DisjointSet\DisjointSet.vcxproj", "{3CCA9337-810C-468C-9A36-FC4103BEE848}"
EndProject
Global
	GlobalSection(SolutionConfigurationPlatforms) = preSolution
		Debug|x64 = Debug|x64
		Debug|x86 = Debug|x86
		Release|x64 = Release|x64
		Release|x86 = Release|x86
	EndGlobalSection
	GlobalSection(ProjectConfigurationPlatforms) = postSolution
		{2971078D-3EA8-4673-9685-E11670B4A3B6}.Debug|x64.ActiveCfg = Debug|x64
		{2971078D-3EA8-4673-9685-E11670B4A3B6}.Debug|x64.Build.0 = Debug|x64
		{2971078D-3EA8-4673-9685-E11670B4A3B6}.Debug|x86.ActiveCfg = Debug|Win32
		{2971078D-3EA8-4673-9685-E11670B4A3B6}.Debug|x86.Build.0 = Debug|Win32
		{2971078D-3EA8-4673-9685-E11670B4A3B6}.Release|x64.ActiveCfg = Release|x64
		{2971078D-3EA8-4673-9685-E11670B4A3B6}.Release|x64.Build.0 = Release|x64
		{2971078D-3EA8-4673-9685-E11670B4A3B6}.Release|x86.ActiveCfg = Release|Win32
		{2971078D-3EA8-4673-9685-E11670B4A3B6}.Release|x86.Build.0 = Release|Win32
		{3CCA9337-810C-468C-9A36-FC4103BEE848}.Debug|x64.ActiveCfg = Debug|x64
		{3CCA9337-810C-468C-9A36-FC4103BEE848}.Debug|x64.Build.0 = Debug|x64
		{3CCA9337-810C-468C-9A36-FC4103BEE848}.Debug|x86.ActiveCfg = Debug|Win32
		{3CCA9337-810C-468C-9A36-FC4103BEE848}.Debug|x86.Build.0 = Debug|Win32
		{3CCA9337-810C-468C-9A36-FC4103BEE848}.Release|x64.ActiveCfg = Release|x64
		{3CCA9337-810C-468C-9A36-FC4103BEE848}.Release|x64.Build.0 = Release|x64
		{3CCA9337-810C-468C-9A36-FC4103BEE848}.Release|x86.ActiveCfg = Release|Win32
		{3CCA9337-810C-468C-9A36-FC4103BEE848}.Release|x86.Build.0 = Release|Win32
	EndGlobalSection
	GlobalSection(SolutionProperties) = preSolution
		HideSolutionNode = FALSE
	EndGlobalSection
	GlobalSection(ExtensibilityGlobals) = postSolution
		SolutionGuid = {357D2320-5AF8-4937-9778-D7950582A0EF}
	EndGlobalSection
EndGlobal
